{
    "name": "atma-class",
    "version": "1.1.84",
    "lockfileVersion": 1,
    "requires": true,
    "dependencies": {
        "atma": {
            "version": "0.10.79",
            "resolved": "https://registry.npmjs.org/atma/-/atma-0.10.79.tgz",
            "integrity": "sha1-msJqW4wmwxVxjAItTotDree9bB4=",
            "dev": true
        },
        "atma-loader-traceur": {
            "version": "1.0.19",
            "resolved": "https://registry.npmjs.org/atma-loader-traceur/-/atma-loader-traceur-1.0.19.tgz",
            "integrity": "sha1-HIinf3CsW38cV4RcIwdeO3UTZz4=",
            "dev": true
        },
        "bson": {
            "version": "1.1.5",
            "resolved": "http://registry.npmjs.org/bson/-/bson-1.1.5.tgz",
            "integrity": "sha512-kDuEzldR21lHciPQAIulLs1LZlCXdLziXI6Mb/TDkwXhb//UORJNPXgcRs2CuO4H0DcMkpfT3/ySsP3unoZjBg==",
            "dev": true
        },
        "memory-pager": {
            "version": "1.5.0",
            "resolved": "https://registry.npmjs.org/memory-pager/-/memory-pager-1.5.0.tgz",
            "integrity": "sha512-ZS4Bp4r/Zoeq6+NLJpP+0Zzm0pR8whtGPf1XExKLJBAczGMnSi3It14OiNCStjQjM6NU1okjQGSxgEZN8eBYKg==",
            "dev": true,
            "optional": true
        },
        "mongodb": {
            "version": "3.1.13",
            "resolved": "http://registry.npmjs.org/mongodb/-/mongodb-3.1.13.tgz",
            "integrity": "sha512-sz2dhvBZQWf3LRNDhbd30KHVzdjZx9IKC0L+kSZ/gzYquCF5zPOgGqRz6sSCqYZtKP2ekB4nfLxhGtzGHnIKxA==",
            "dev": true,
            "requires": {
                "mongodb-core": "3.1.11",
                "safe-buffer": "^5.1.2"
            },
            "dependencies": {
                "safe-buffer": {
                    "version": "5.2.1",
                    "resolved": "https://registry.npmjs.org/safe-buffer/-/safe-buffer-5.2.1.tgz",
                    "integrity": "sha512-rp3So07KcdmmKbGvgaNxQSJr7bGVSVk5S9Eq1F+ppbRo70+YeaDxkw5Dd8NPN+GD6bjnYm2VuPuCXmpuYvmCXQ==",
                    "dev": true
                }
            }
        },
        "mongodb-core": {
            "version": "3.1.11",
            "resolved": "http://registry.npmjs.org/mongodb-core/-/mongodb-core-3.1.11.tgz",
            "integrity": "sha512-rD2US2s5qk/ckbiiGFHeu+yKYDXdJ1G87F6CG3YdaZpzdOm5zpoAZd/EKbPmFO6cQZ+XVXBXBJ660sSI0gc6qg==",
            "dev": true,
            "requires": {
                "bson": "^1.1.0",
                "require_optional": "^1.0.1",
                "safe-buffer": "^5.1.2",
                "saslprep": "^1.0.0"
            },
            "dependencies": {
                "safe-buffer": {
                    "version": "5.2.1",
                    "resolved": "https://registry.npmjs.org/safe-buffer/-/safe-buffer-5.2.1.tgz",
                    "integrity": "sha512-rp3So07KcdmmKbGvgaNxQSJr7bGVSVk5S9Eq1F+ppbRo70+YeaDxkw5Dd8NPN+GD6bjnYm2VuPuCXmpuYvmCXQ==",
                    "dev": true
                }
            }
        },
        "require_optional": {
            "version": "1.0.1",
            "resolved": "https://registry.npmjs.org/require_optional/-/require_optional-1.0.1.tgz",
            "integrity": "sha512-qhM/y57enGWHAe3v/NcwML6a3/vfESLe/sGM2dII+gEO0BpKRUkWZow/tyloNqJyN6kXSl3RyyM8Ll5D/sJP8g==",
            "dev": true,
            "requires": {
                "resolve-from": "^2.0.0",
                "semver": "^5.1.0"
            },
            "dependencies": {
                "semver": {
                    "version": "5.7.1",
                    "resolved": "https://registry.npmjs.org/semver/-/semver-5.7.1.tgz",
                    "integrity": "sha512-sauaDf/PZdVgrLTNYHRtpXa1iRiKcaebiKQ1BJdpQlWH2lCvexQdX55snPFyK7QzpudqbCI0qXFfOasHdyNDGQ==",
                    "dev": true
                }
            }
        },
        "resolve-from": {
            "version": "2.0.0",
            "resolved": "https://registry.npmjs.org/resolve-from/-/resolve-from-2.0.0.tgz",
            "integrity": "sha1-lICrIOlP+h2egKgEx+oUdhGWa1c=",
            "dev": true
        },
        "saslprep": {
            "version": "1.0.3",
            "resolved": "https://registry.npmjs.org/saslprep/-/saslprep-1.0.3.tgz",
            "integrity": "sha512-/MY/PEMbk2SuY5sScONwhUDsV2p77Znkb/q3nSVstq/yQzYJOH/Azh29p9oJLsl3LnQwSvZDKagDGBsBwSooag==",
            "dev": true,
            "optional": true,
            "requires": {
                "sparse-bitfield": "^3.0.3"
            }
        },
        "sparse-bitfield": {
            "version": "3.0.3",
            "resolved": "https://registry.npmjs.org/sparse-bitfield/-/sparse-bitfield-3.0.3.tgz",
            "integrity": "sha1-/0rm5oZWBWuks+eSqzM004JzyhE=",
            "dev": true,
            "optional": true,
            "requires": {
                "memory-pager": "^1.0.2"
            }
        }
    }
}
